
Microsoft Visual Studio Solution File, Format Version 12.00
# Visual Studio 15
Project("{FAE04EC0-301F-11D3-BF4B-00C04F79EFBC}") = "Assembly-CSharp", "Assembly-CSharp.csproj", "{1379EE71-D85F-BEBD-5CCC-6688D396AD1F}"
EndProject
Project("{FAE04EC0-301F-11D3-BF4B-00C04F79EFBC}") = "Tests", "Tests.csproj", "{70990FC4-7192-ACF8-CAE0-8DEC59E710DE}"
EndProject
Global
	GlobalSection(SolutionConfigurationPlatforms) = preSolution
		Debug|Any CPU = Debug|Any CPU
		Release|Any CPU = Release|Any CPU
	EndGlobalSection
	GlobalSection(ProjectConfigurationPlatforms) = postSolution
		{1379EE71-D85F-BEBD-5CCC-6688D396AD1F}.Debug|Any CPU.ActiveCfg = Debug|Any CPU
		{1379EE71-D85F-BEBD-5CCC-6688D396AD1F}.Debug|Any CPU.Build.0 = Debug|Any CPU
		{1379EE71-D85F-BEBD-5CCC-6688D396AD1F}.Release|Any CPU.ActiveCfg = Release|Any CPU
		{1379EE71-D85F-BEBD-5CCC-6688D396AD1F}.Release|Any CPU.Build.0 = Release|Any CPU
		{70990FC4-7192-ACF8-CAE0-8DEC59E710DE}.Debug|Any CPU.ActiveCfg = Debug|Any CPU
		{70990FC4-7192-ACF8-CAE0-8DEC59E710DE}.Debug|Any CPU.Build.0 = Debug|Any CPU
		{70990FC4-7192-ACF8-CAE0-8DEC59E710DE}.Release|Any CPU.ActiveCfg = Release|Any CPU
		{70990FC4-7192-ACF8-CAE0-8DEC59E710DE}.Release|Any CPU.Build.0 = Release|Any CPU
	EndGlobalSection
	GlobalSection(SolutionProperties) = preSolution
		HideSolutionNode = FALSE
	EndGlobalSection
EndGlobal
